
Microsoft Visual Studio Solution File, Format Version 12.00
# Visual Studio Version 17
VisualStudioVersion = 17.7.34024.191
MinimumVisualStudioVersion = 10.0.40219.1
Project("{FAE04EC0-301F-11D3-BF4B-00C04F79EFBC}") = "UPBRDP1.2", "UPBRDP1.2.csproj", "{95E5AF9A-F2EC-4F47-B166-A1EB9F4DF56C}"
EndProject
Global
	GlobalSection(SolutionConfigurationPlatforms) = preSolution
		Debug|Any CPU = Debug|Any CPU
		Release|Any CPU = Release|Any CPU
	EndGlobalSection
	GlobalSection(ProjectConfigurationPlatforms) = postSolution
		{95E5AF9A-F2EC-4F47-B166-A1EB9F4DF56C}.Debug|Any CPU.ActiveCfg = Debug|Any CPU
		{95E5AF9A-F2EC-4F47-B166-A1EB9F4DF56C}.Debug|Any CPU.Build.0 = Debug|Any CPU
		{95E5AF9A-F2EC-4F47-B166-A1EB9F4DF56C}.Release|Any CPU.ActiveCfg = Release|Any CPU
		{95E5AF9A-F2EC-4F47-B166-A1EB9F4DF56C}.Release|Any CPU.Build.0 = Release|Any CPU
	EndGlobalSection
	GlobalSection(SolutionProperties) = preSolution
		HideSolutionNode = FALSE
	EndGlobalSection
	GlobalSection(ExtensibilityGlobals) = postSolution
		SolutionGuid = {E0FEDA1D-8F69-4217-80B0-35B807CD04DB}
	EndGlobalSection
EndGlobal
